
Microsoft Visual Studio Solution File, Format Version 12.00
# Visual Studio Version 17
VisualStudioVersion = 17.5.33424.131
MinimumVisualStudioVersion = 10.0.40219.1
Project("{FAE04EC0-301F-11D3-BF4B-00C04F79EFBC}") = "Week7Functions", "Week7Functions\Week7Functions.csproj", "{50F11AC7-3380-4BE6-885D-515BA2C7B05D}"
EndProject
Project("{FAE04EC0-301F-11D3-BF4B-00C04F79EFBC}") = "ArgumentsAndParameters", "ArgumentsAndParameters\ArgumentsAndParameters.csproj", "{FCAE057E-C68D-4DF8-9D35-465B591B0A1E}"
EndProject
Project("{FAE04EC0-301F-11D3-BF4B-00C04F79EFBC}") = "Calculator", "Calculator\Calculator.csproj", "{2C431166-F22C-4CA8-9D94-23022BF7A18D}"
EndProject
Project("{FAE04EC0-301F-11D3-BF4B-00C04F79EFBC}") = "DiscountCalculator", "DiscountCalculator\DiscountCalculator.csproj", "{B4CE49AA-286B-447B-9E6E-379FD06081FF}"
EndProject
Global
	GlobalSection(SolutionConfigurationPlatforms) = preSolution
		Debug|Any CPU = Debug|Any CPU
		Release|Any CPU = Release|Any CPU
	EndGlobalSection
	GlobalSection(ProjectConfigurationPlatforms) = postSolution
		{50F11AC7-3380-4BE6-885D-515BA2C7B05D}.Debug|Any CPU.ActiveCfg = Debug|Any CPU
		{50F11AC7-3380-4BE6-885D-515BA2C7B05D}.Debug|Any CPU.Build.0 = Debug|Any CPU
		{50F11AC7-3380-4BE6-885D-515BA2C7B05D}.Release|Any CPU.ActiveCfg = Release|Any CPU
		{50F11AC7-3380-4BE6-885D-515BA2C7B05D}.Release|Any CPU.Build.0 = Release|Any CPU
		{FCAE057E-C68D-4DF8-9D35-465B591B0A1E}.Debug|Any CPU.ActiveCfg = Debug|Any CPU
		{FCAE057E-C68D-4DF8-9D35-465B591B0A1E}.Debug|Any CPU.Build.0 = Debug|Any CPU
		{FCAE057E-C68D-4DF8-9D35-465B591B0A1E}.Release|Any CPU.ActiveCfg = Release|Any CPU
		{FCAE057E-C68D-4DF8-9D35-465B591B0A1E}.Release|Any CPU.Build.0 = Release|Any CPU
		{2C431166-F22C-4CA8-9D94-23022BF7A18D}.Debug|Any CPU.ActiveCfg = Debug|Any CPU
		{2C431166-F22C-4CA8-9D94-23022BF7A18D}.Debug|Any CPU.Build.0 = Debug|Any CPU
		{2C431166-F22C-4CA8-9D94-23022BF7A18D}.Release|Any CPU.ActiveCfg = Release|Any CPU
		{2C431166-F22C-4CA8-9D94-23022BF7A18D}.Release|Any CPU.Build.0 = Release|Any CPU
		{B4CE49AA-286B-447B-9E6E-379FD06081FF}.Debug|Any CPU.ActiveCfg = Debug|Any CPU
		{B4CE49AA-286B-447B-9E6E-379FD06081FF}.Debug|Any CPU.Build.0 = Debug|Any CPU
		{B4CE49AA-286B-447B-9E6E-379FD06081FF}.Release|Any CPU.ActiveCfg = Release|Any CPU
		{B4CE49AA-286B-447B-9E6E-379FD06081FF}.Release|Any CPU.Build.0 = Release|Any CPU
	EndGlobalSection
	GlobalSection(SolutionProperties) = preSolution
		HideSolutionNode = FALSE
	EndGlobalSection
	GlobalSection(ExtensibilityGlobals) = postSolution
		SolutionGuid = {D55E59FB-CFA0-417A-9BC5-938A70F7F510}
	EndGlobalSection
EndGlobal
